{
  "name": "bmad-method-riverraid",
  "lockfileVersion": 3,
  "requires": true,
  "packages": {
    "": {
      "dependencies": {
        "md-file-tree": "^0.2.0"
      }
    },
    "node_modules/event-state": {
      "version": "0.3.5",
      "resolved": "https://registry.npmjs.org/event-state/-/event-state-0.3.5.tgz",
      "integrity": "sha512-OrVJLWN7f5o3hAgzo9xA4/J99iK+R58Ms7SfaY0YnXWxaHqt3hSO4RSGCnZRBHois+dXkY3tNJgNmcBJ52Wycg==",
      "license": "MIT"
    },
    "node_modules/md-file-tree": {
      "version": "0.2.0",
      "resolved": "https://registry.npmjs.org/md-file-tree/-/md-file-tree-0.2.0.tgz",
      "integrity": "sha512-dbuE5d6nG0UPbvUBMoJth/AK1154ZvGubUxd391Mc7JvKtVx8YxKD8dv1nOYFSOxGm/xxDUJBLVxnqqwDOhj1Q==",
      "dependencies": {
        "event-state": "^0.3.5"
      },
      "bin": {
        "md-file-tree": "index.js"
      }
    }
  }
}
